
Microsoft Visual Studio Solution File, Format Version 12.00
# Visual Studio Version 16
VisualStudioVersion = 16.0.31729.503
MinimumVisualStudioVersion = 10.0.40219.1
Project("{FAE04EC0-301F-11D3-BF4B-00C04F79EFBC}") = "Day1", "Day1\Day1.csproj", "{501D17F0-0EB0-478E-8614-60497CF2077D}"
EndProject
Project("{FAE04EC0-301F-11D3-BF4B-00C04F79EFBC}") = "Day2", "Day2\Day2.csproj", "{9BACDF33-8FEF-4C87-A08F-4BAB8D05481A}"
EndProject
Project("{FAE04EC0-301F-11D3-BF4B-00C04F79EFBC}") = "Day3", "Day3\Day3.csproj", "{5F49AEF4-CA17-4750-8CBB-E10A620E3760}"
EndProject
Project("{FAE04EC0-301F-11D3-BF4B-00C04F79EFBC}") = "Day4", "Day4\Day4.csproj", "{D23BA223-4014-4201-8239-6ED070356499}"
EndProject
Project("{FAE04EC0-301F-11D3-BF4B-00C04F79EFBC}") = "Day5", "Day5\Day5.csproj", "{49E86243-9CFB-4C43-B4CD-5CE7E6B04F0E}"
EndProject
Project("{FAE04EC0-301F-11D3-BF4B-00C04F79EFBC}") = "Day6", "Day6\Day6.csproj", "{2845175F-8E9B-423E-97B3-77CE8C09C15B}"
EndProject
Project("{FAE04EC0-301F-11D3-BF4B-00C04F79EFBC}") = "Day7", "Day7\Day7.csproj", "{BEBD5748-B37E-4D64-97EC-38226D0240DB}"
EndProject
Global
	GlobalSection(SolutionConfigurationPlatforms) = preSolution
		Debug|Any CPU = Debug|Any CPU
		Release|Any CPU = Release|Any CPU
	EndGlobalSection
	GlobalSection(ProjectConfigurationPlatforms) = postSolution
		{501D17F0-0EB0-478E-8614-60497CF2077D}.Debug|Any CPU.ActiveCfg = Debug|Any CPU
		{501D17F0-0EB0-478E-8614-60497CF2077D}.Debug|Any CPU.Build.0 = Debug|Any CPU
		{501D17F0-0EB0-478E-8614-60497CF2077D}.Release|Any CPU.ActiveCfg = Release|Any CPU
		{501D17F0-0EB0-478E-8614-60497CF2077D}.Release|Any CPU.Build.0 = Release|Any CPU
		{9BACDF33-8FEF-4C87-A08F-4BAB8D05481A}.Debug|Any CPU.ActiveCfg = Debug|Any CPU
		{9BACDF33-8FEF-4C87-A08F-4BAB8D05481A}.Debug|Any CPU.Build.0 = Debug|Any CPU
		{9BACDF33-8FEF-4C87-A08F-4BAB8D05481A}.Release|Any CPU.ActiveCfg = Release|Any CPU
		{9BACDF33-8FEF-4C87-A08F-4BAB8D05481A}.Release|Any CPU.Build.0 = Release|Any CPU
		{5F49AEF4-CA17-4750-8CBB-E10A620E3760}.Debug|Any CPU.ActiveCfg = Debug|Any CPU
		{5F49AEF4-CA17-4750-8CBB-E10A620E3760}.Debug|Any CPU.Build.0 = Debug|Any CPU
		{5F49AEF4-CA17-4750-8CBB-E10A620E3760}.Release|Any CPU.ActiveCfg = Release|Any CPU
		{5F49AEF4-CA17-4750-8CBB-E10A620E3760}.Release|Any CPU.Build.0 = Release|Any CPU
		{D23BA223-4014-4201-8239-6ED070356499}.Debug|Any CPU.ActiveCfg = Debug|Any CPU
		{D23BA223-4014-4201-8239-6ED070356499}.Debug|Any CPU.Build.0 = Debug|Any CPU
		{D23BA223-4014-4201-8239-6ED070356499}.Release|Any CPU.ActiveCfg = Release|Any CPU
		{D23BA223-4014-4201-8239-6ED070356499}.Release|Any CPU.Build.0 = Release|Any CPU
		{49E86243-9CFB-4C43-B4CD-5CE7E6B04F0E}.Debug|Any CPU.ActiveCfg = Debug|Any CPU
		{49E86243-9CFB-4C43-B4CD-5CE7E6B04F0E}.Debug|Any CPU.Build.0 = Debug|Any CPU
		{49E86243-9CFB-4C43-B4CD-5CE7E6B04F0E}.Release|Any CPU.ActiveCfg = Release|Any CPU
		{49E86243-9CFB-4C43-B4CD-5CE7E6B04F0E}.Release|Any CPU.Build.0 = Release|Any CPU
		{2845175F-8E9B-423E-97B3-77CE8C09C15B}.Debug|Any CPU.ActiveCfg = Debug|Any CPU
		{2845175F-8E9B-423E-97B3-77CE8C09C15B}.Debug|Any CPU.Build.0 = Debug|Any CPU
		{2845175F-8E9B-423E-97B3-77CE8C09C15B}.Release|Any CPU.ActiveCfg = Release|Any CPU
		{2845175F-8E9B-423E-97B3-77CE8C09C15B}.Release|Any CPU.Build.0 = Release|Any CPU
		{BEBD5748-B37E-4D64-97EC-38226D0240DB}.Debug|Any CPU.ActiveCfg = Debug|Any CPU
		{BEBD5748-B37E-4D64-97EC-38226D0240DB}.Debug|Any CPU.Build.0 = Debug|Any CPU
		{BEBD5748-B37E-4D64-97EC-38226D0240DB}.Release|Any CPU.ActiveCfg = Release|Any CPU
		{BEBD5748-B37E-4D64-97EC-38226D0240DB}.Release|Any CPU.Build.0 = Release|Any CPU
	EndGlobalSection
	GlobalSection(SolutionProperties) = preSolution
		HideSolutionNode = FALSE
	EndGlobalSection
	GlobalSection(ExtensibilityGlobals) = postSolution
		SolutionGuid = {CAD8E3E1-6210-4C64-A174-DE630F68BDA2}
	EndGlobalSection
EndGlobal
